
Microsoft Visual Studio Solution File, Format Version 12.00
# Visual Studio Version 17
VisualStudioVersion = 17.6.33723.286
MinimumVisualStudioVersion = 10.0.40219.1
Project("{FAE04EC0-301F-11D3-BF4B-00C04F79EFBC}") = "Parametrics", "Parametrics\Parametrics.csproj", "{C35B1BC4-405D-49CD-B252-5CE6E27AB13C}"
EndProject
Global
	GlobalSection(SolutionConfigurationPlatforms) = preSolution
		Debug|Any CPU = Debug|Any CPU
		Release|Any CPU = Release|Any CPU
	EndGlobalSection
	GlobalSection(ProjectConfigurationPlatforms) = postSolution
		{C35B1BC4-405D-49CD-B252-5CE6E27AB13C}.Debug|Any CPU.ActiveCfg = Debug|Any CPU
		{C35B1BC4-405D-49CD-B252-5CE6E27AB13C}.Debug|Any CPU.Build.0 = Debug|Any CPU
		{C35B1BC4-405D-49CD-B252-5CE6E27AB13C}.Release|Any CPU.ActiveCfg = Release|Any CPU
		{C35B1BC4-405D-49CD-B252-5CE6E27AB13C}.Release|Any CPU.Build.0 = Release|Any CPU
	EndGlobalSection
	GlobalSection(SolutionProperties) = preSolution
		HideSolutionNode = FALSE
	EndGlobalSection
	GlobalSection(ExtensibilityGlobals) = postSolution
		SolutionGuid = {2F9596A4-DA28-4769-A8DF-E96119595D29}
	EndGlobalSection
EndGlobal
